// !$*UTF8*$!
{
	archiveVersion = 1;
	classes = {
	};
	objectVersion = 46;
	objects = {

/* Begin PBXBuildFile section */
		3964BFBC1EEC224900CAB0DC /* AppDelegate.swift in Sources */ = {isa = PBXBuildFile; fileRef = 3964BFBB1EEC224900CAB0DC /* AppDelegate.swift */; };
		3964BFBE1EEC224900CAB0DC /* ViewController.swift in Sources */ = {isa = PBXBuildFile; fileRef = 3964BFBD1EEC224900CAB0DC /* ViewController.swift */; };
		3964BFC11EEC224900CAB0DC /* Main.storyboard in Resources */ = {isa = PBXBuildFile; fileRef = 3964BFBF1EEC224900CAB0DC /* Main.storyboard */; };
		3964BFC31EEC224900CAB0DC /* Assets.xcassets in Resources */ = {isa = PBXBuildFile; fileRef = 3964BFC21EEC224900CAB0DC /* Assets.xcassets */; };
		3964BFC61EEC224900CAB0DC /* LaunchScreen.storyboard in Resources */ = {isa = PBXBuildFile; fileRef = 3964BFC41EEC224900CAB0DC /* LaunchScreen.storyboard */; };
		3964BFD11EEC224900CAB0DC /* Food_TrackerTests.swift in Sources */ = {isa = PBXBuildFile; fileRef = 3964BFD01EEC224900CAB0DC /* Food_TrackerTests.swift */; };
		3964BFDC1EEC34FD00CAB0DC /* RatingControl.swift in Sources */ = {isa = PBXBuildFile; fileRef = 3964BFDB1EEC34FD00CAB0DC /* RatingControl.swift */; };
		3964BFDE1EEC422A00CAB0DC /* Meal.swift in Sources */ = {isa = PBXBuildFile; fileRef = 3964BFDD1EEC422A00CAB0DC /* Meal.swift */; };
/* End PBXBuildFile section */

/* Begin PBXContainerItemProxy section */
		3964BFCD1EEC224900CAB0DC /* PBXContainerItemProxy */ = {
			isa = PBXContainerItemProxy;
			containerPortal = 3964BFB01EEC224900CAB0DC /* Project object */;
			proxyType = 1;
			remoteGlobalIDString = 3964BFB71EEC224900CAB0DC;
			remoteInfo = "Food Tracker";
		};
/* End PBXContainerItemProxy section */

/* Begin PBXFileReference section */
		3964BFB81EEC224900CAB0DC /* Food Tracker.app */ = {isa = PBXFileReference; explicitFileType = wrapper.application; includeInIndex = 0; path = "Food Tracker.app"; sourceTree = BUILT_PRODUCTS_DIR; };
		3964BFBB1EEC224900CAB0DC /* AppDelegate.swift */ = {isa = PBXFileReference; lastKnownFileType = sourcecode.swift; path = AppDelegate.swift; sourceTree = "<group>"; };
		3964BFBD1EEC224900CAB0DC /* ViewController.swift */ = {isa = PBXFileReference; lastKnownFileType = sourcecode.swift; path = ViewController.swift; sourceTree = "<group>"; };
		3964BFC01EEC224900CAB0DC /* Base */ = {isa = PBXFileReference; lastKnownFileType = file.storyboard; name = Base; path = Base.lproj/Main.storyboard; sourceTree = "<group>"; };
		3964BFC21EEC224900CAB0DC /* Assets.xcassets */ = {isa = PBXFileReference; lastKnownFileType = folder.assetcatalog; path = Assets.xcassets; sourceTree = "<group>"; };
		3964BFC51EEC224900CAB0DC /* Base */ = {isa = PBXFileReference; lastKnownFileType = file.storyboard; name = Base; path = Base.lproj/LaunchScreen.storyboard; sourceTree = "<group>"; };
		3964BFC71EEC224900CAB0DC /* Info.plist */ = {isa = PBXFileReference; lastKnownFileType = text.plist.xml; path = Info.plist; sourceTree = "<group>"; };
		3964BFCC1EEC224900CAB0DC /* Food TrackerTests.xctest */ = {isa = PBXFileReference; explicitFileType = wrapper.cfbundle; includeInIndex = 0; path = "Food TrackerTests.xctest"; sourceTree = BUILT_PRODUCTS_DIR; };
		3964BFD01EEC224900CAB0DC /* Food_TrackerTests.swift */ = {isa = PBXFileReference; lastKnownFileType = sourcecode.swift; path = Food_TrackerTests.swift; sourceTree = "<group>"; };
		3964BFD21EEC224900CAB0DC /* Info.plist */ = {isa = PBXFileReference; lastKnownFileType = text.plist.xml; path = Info.plist; sourceTree = "<group>"; };
		3964BFDB1EEC34FD00CAB0DC /* RatingControl.swift */ = {isa = PBXFileReference; fileEncoding = 4; lastKnownFileType = sourcecode.swift; name = RatingControl.swift; path = ../RatingControl.swift; sourceTree = "<group>"; };
		3964BFDD1EEC422A00CAB0DC /* Meal.swift */ = {isa = PBXFileReference; fileEncoding = 4; lastKnownFileType = sourcecode.swift; name = Meal.swift; path = ../Meal.swift; sourceTree = "<group>"; };
/* End PBXFileReference section */

/* Begin PBXFrameworksBuildPhase section */
		3964BFB51EEC224900CAB0DC /* Frameworks */ = {
			isa = PBXFrameworksBuildPhase;
			buildActionMask = 2147483647;
			files = (
			);
			runOnlyForDeploymentPostprocessing = 0;
		};
		3964BFC91EEC224900CAB0DC /* Frameworks */ = {
			isa = PBXFrameworksBuildPhase;
			buildActionMask = 2147483647;
			files = (
			);
			runOnlyForDeploymentPostprocessing = 0;
		};
/* End PBXFrameworksBuildPhase section */

/* Begin PBXGroup section */
		3964BFAF1EEC224900CAB0DC = {
			isa = PBXGroup;
			children = (
				3964BFBA1EEC224900CAB0DC /* Food Tracker */,
				3964BFCF1EEC224900CAB0DC /* Food TrackerTests */,
				3964BFB91EEC224900CAB0DC /* Products */,
			);
			sourceTree = "<group>";
		};
		3964BFB91EEC224900CAB0DC /* Products */ = {
			isa = PBXGroup;
			children = (
				3964BFB81EEC224900CAB0DC /* Food Tracker.app */,
				3964BFCC1EEC224900CAB0DC /* Food TrackerTests.xctest */,
			);
			name = Products;
			sourceTree = "<group>";
		};
		3964BFBA1EEC224900CAB0DC /* Food Tracker */ = {
			isa = PBXGroup;
			children = (
				3964BFBB1EEC224900CAB0DC /* AppDelegate.swift */,
				3964BFDD1EEC422A00CAB0DC /* Meal.swift */,
				3964BFDB1EEC34FD00CAB0DC /* RatingControl.swift */,
				3964BFBD1EEC224900CAB0DC /* ViewController.swift */,
				3964BFBF1EEC224900CAB0DC /* Main.storyboard */,
				3964BFC21EEC224900CAB0DC /* Assets.xcassets */,
				3964BFC41EEC224900CAB0DC /* LaunchScreen.storyboard */,
				3964BFC71EEC224900CAB0DC /* Info.plist */,
			);
			path = "Food Tracker";
			sourceTree = "<group>";
		};
		3964BFCF1EEC224900CAB0DC /* Food TrackerTests */ = {
			isa = PBXGroup;
			children = (
				3964BFD01EEC224900CAB0DC /* Food_TrackerTests.swift */,
				3964BFD21EEC224900CAB0DC /* Info.plist */,
			);
			path = "Food TrackerTests";
			sourceTree = "<group>";
		};
/* End PBXGroup section */

/* Begin PBXNativeTarget section */
		3964BFB71EEC224900CAB0DC /* Food Tracker */ = {
			isa = PBXNativeTarget;
			buildConfigurationList = 3964BFD51EEC224900CAB0DC /* Build configuration list for PBXNativeTarget "Food Tracker" */;
			buildPhases = (
				3964BFB41EEC224900CAB0DC /* Sources */,
				3964BFB51EEC224900CAB0DC /* Frameworks */,
				3964BFB61EEC224900CAB0DC /* Resources */,
			);
			buildRules = (
			);
			dependencies = (
			);
			name = "Food Tracker";
			productName = "Food Tracker";
			productReference = 3964BFB81EEC224900CAB0DC /* Food Tracker.app */;
			productType = "com.apple.product-type.application";
		};
		3964BFCB1EEC224900CAB0DC /* Food TrackerTests */ = {
			isa = PBXNativeTarget;
			buildConfigurationList = 3964BFD81EEC224900CAB0DC /* Build configuration list for PBXNativeTarget "Food TrackerTests" */;
			buildPhases = (
				3964BFC81EEC224900CAB0DC /* Sources */,
				3964BFC91EEC224900CAB0DC /* Frameworks */,
				3964BFCA1EEC224900CAB0DC /* Resources */,
			);
			buildRules = (
			);
			dependencies = (
				3964BFCE1EEC224900CAB0DC /* PBXTargetDependency */,
			);
			name = "Food TrackerTests";
			productName = "Food TrackerTests";
			productReference = 3964BFCC1EEC224900CAB0DC /* Food TrackerTests.xctest */;
			productType = "com.apple.product-type.bundle.unit-test";
		};
/* End PBXNativeTarget section */

/* Begin PBXProject section */
		3964BFB01EEC224900CAB0DC /* Project object */ = {
			isa = PBXProject;
			attributes = {
				LastSwiftUpdateCheck = 0830;
				LastUpgradeCheck = 0830;
				ORGANIZATIONNAME = "Ru Chern Chong";
				TargetAttributes = {
					3964BFB71EEC224900CAB0DC = {
						CreatedOnToolsVersion = 8.3.3;
						ProvisioningStyle = Automatic;
					};
					3964BFCB1EEC224900CAB0DC = {
						CreatedOnToolsVersion = 8.3.3;
						ProvisioningStyle = Automatic;
						TestTargetID = 3964BFB71EEC224900CAB0DC;
					};
				};
			};
			buildConfigurationList = 3964BFB31EEC224900CAB0DC /* Build configuration list for PBXProject "Food Tracker" */;
			compatibilityVersion = "Xcode 3.2";
			developmentRegion = English;
			hasScannedForEncodings = 0;
			knownRegions = (
				en,
				Base,
			);
			mainGroup = 3964BFAF1EEC224900CAB0DC;
			productRefGroup = 3964BFB91EEC224900CAB0DC /* Products */;
			projectDirPath = "";
			projectRoot = "";
			targets = (
				3964BFB71EEC224900CAB0DC /* Food Tracker */,
				3964BFCB1EEC224900CAB0DC /* Food TrackerTests */,
			);
		};
/* End PBXProject section */

/* Begin PBXResourcesBuildPhase section */
		3964BFB61EEC224900CAB0DC /* Resources */ = {
			isa = PBXResourcesBuildPhase;
			buildActionMask = 2147483647;
			files = (
				3964BFC61EEC224900CAB0DC /* LaunchScreen.storyboard in Resources */,
				3964BFC31EEC224900CAB0DC /* Assets.xcassets in Resources */,
				3964BFC11EEC224900CAB0DC /* Main.storyboard in Resources */,
			);
			runOnlyForDeploymentPostprocessing = 0;
		};
		3964BFCA1EEC224900CAB0DC /* Resources */ = {
			isa = PBXResourcesBuildPhase;
			buildActionMask = 2147483647;
			files = (
			);
			runOnlyForDeploymentPostprocessing = 0;
		};
/* End PBXResourcesBuildPhase section */

/* Begin PBXSourcesBuildPhase section */
		3964BFB41EEC224900CAB0DC /* Sources */ = {
			isa = PBXSourcesBuildPhase;
			buildActionMask = 2147483647;
			files = (
				3964BFDE1EEC422A00CAB0DC /* Meal.swift in Sources */,
				3964BFBE1EEC224900CAB0DC /* ViewController.swift in Sources */,
				3964BFDC1EEC34FD00CAB0DC /* RatingControl.swift in Sources */,
				3964BFBC1EEC224900CAB0DC /* AppDelegate.swift in Sources */,
			);
			runOnlyForDeploymentPostprocessing = 0;
		};
		3964BFC81EEC224900CAB0DC /* Sources */ = {
			isa = PBXSourcesBuildPhase;
			buildActionMask = 2147483647;
			files = (
				3964BFD11EEC224900CAB0DC /* Food_TrackerTests.swift in Sources */,
			);
			runOnlyForDeploymentPostprocessing = 0;
		};
/* End PBXSourcesBuildPhase section */

/* Begin PBXTargetDependency section */
		3964BFCE1EEC224900CAB0DC /* PBXTargetDependency */ = {
			isa = PBXTargetDependency;
			target = 3964BFB71EEC224900CAB0DC /* Food Tracker */;
			targetProxy = 3964BFCD1EEC224900CAB0DC /* PBXContainerItemProxy */;
		};
/* End PBXTargetDependency section */

/* Begin PBXVariantGroup section */
		3964BFBF1EEC224900CAB0DC /* Main.storyboard */ = {
			isa = PBXVariantGroup;
			children = (
				3964BFC01EEC224900CAB0DC /* Base */,
			);
			name = Main.storyboard;
			sourceTree = "<group>";
		};
		3964BFC41EEC224900CAB0DC /* LaunchScreen.storyboard */ = {
			isa = PBXVariantGroup;
			children = (
				3964BFC51EEC224900CAB0DC /* Base */,
			);
			name = LaunchScreen.storyboard;
			sourceTree = "<group>";
		};
/* End PBXVariantGroup section */

/* Begin XCBuildConfiguration section */
		3964BFD31EEC224900CAB0DC /* Debug */ = {
			isa = XCBuildConfiguration;
			buildSettings = {
				ALWAYS_SEARCH_USER_PATHS = NO;
				CLANG_ANALYZER_NONNULL = YES;
				CLANG_ANALYZER_NUMBER_OBJECT_CONVERSION = YES_AGGRESSIVE;
				CLANG_CXX_LANGUAGE_STANDARD = "gnu++0x";
				CLANG_CXX_LIBRARY = "libc++";
				CLANG_ENABLE_MODULES = YES;
				CLANG_ENABLE_OBJC_ARC = YES;
				CLANG_WARN_BOOL_CONVERSION = YES;
				CLANG_WARN_CONSTANT_CONVERSION = YES;
				CLANG_WARN_DIRECT_OBJC_ISA_USAGE = YES_ERROR;
				CLANG_WARN_DOCUMENTATION_COMMENTS = YES;
				CLANG_WARN_EMPTY_BODY = YES;
				CLANG_WARN_ENUM_CONVERSION = YES;
				CLANG_WARN_INFINITE_RECURSION = YES;
				CLANG_WARN_INT_CONVERSION = YES;
				CLANG_WARN_OBJC_ROOT_CLASS = YES_ERROR;
				CLANG_WARN_SUSPICIOUS_MOVE = YES;
				CLANG_WARN_UNREACHABLE_CODE = YES;
				CLANG_WARN__DUPLICATE_METHOD_MATCH = YES;
				"CODE_SIGN_IDENTITY[sdk=iphoneos*]" = "iPhone Developer";
				COPY_PHASE_STRIP = NO;
				DEBUG_INFORMATION_FORMAT = dwarf;
				ENABLE_STRICT_OBJC_MSGSEND = YES;
				ENABLE_TESTABILITY = YES;
				GCC_C_LANGUAGE_STANDARD = gnu99;
				GCC_DYNAMIC_NO_PIC = NO;
				GCC_NO_COMMON_BLOCKS = YES;
				GCC_OPTIMIZATION_LEVEL = 0;
				GCC_PREPROCESSOR_DEFINITIONS = (
					"DEBUG=1",
					"$(inherited)",
				);
				GCC_WARN_64_TO_32_BIT_CONVERSION = YES;
				GCC_WARN_ABOUT_RETURN_TYPE = YES_ERROR;
				GCC_WARN_UNDECLARED_SELECTOR = YES;
				GCC_WARN_UNINITIALIZED_AUTOS = YES_AGGRESSIVE;
				GCC_WARN_UNUSED_FUNCTION = YES;
				GCC_WARN_UNUSED_VARIABLE = YES;
				IPHONEOS_DEPLOYMENT_TARGET = 10.3;
				MTL_ENABLE_DEBUG_INFO = YES;
				ONLY_ACTIVE_ARCH = YES;
				SDKROOT = iphoneos;
				SWIFT_ACTIVE_COMPILATION_CONDITIONS = DEBUG;
				SWIFT_OPTIMIZATION_LEVEL = "-Onone";
				TARGETED_DEVICE_FAMILY = "1,2";
			};
			name = Debug;
		};
		3964BFD41EEC224900CAB0DC /* Release */ = {
			isa = XCBuildConfiguration;
			buildSettings = {
				ALWAYS_SEARCH_USER_PATHS = NO;
				CLANG_ANALYZER_NONNULL = YES;
				CLANG_ANALYZER_NUMBER_OBJECT_CONVERSION = YES_AGGRESSIVE;
				CLANG_CXX_LANGUAGE_STANDARD = "gnu++0x";
				CLANG_CXX_LIBRARY = "libc++";
				CLANG_ENABLE_MODULES = YES;
				CLANG_ENABLE_OBJC_ARC = YES;
				CLANG_WARN_BOOL_CONVERSION = YES;
				CLANG_WARN_CONSTANT_CONVERSION = YES;
				CLANG_WARN_DIRECT_OBJC_ISA_USAGE = YES_ERROR;
				CLANG_WARN_DOCUMENTATION_COMMENTS = YES;
				CLANG_WARN_EMPTY_BODY = YES;
				CLANG_WARN_ENUM_CONVERSION = YES;
				CLANG_WARN_INFINITE_RECURSION = YES;
				CLANG_WARN_INT_CONVERSION = YES;
				CLANG_WARN_OBJC_ROOT_CLASS = YES_ERROR;
				CLANG_WARN_SUSPICIOUS_MOVE = YES;
				CLANG_WARN_UNREACHABLE_CODE = YES;
				CLANG_WARN__DUPLICATE_METHOD_MATCH = YES;
				"CODE_SIGN_IDENTITY[sdk=iphoneos*]" = "iPhone Developer";
				COPY_PHASE_STRIP = NO;
				DEBUG_INFORMATION_FORMAT = "dwarf-with-dsym";
				ENABLE_NS_ASSERTIONS = NO;
				ENABLE_STRICT_OBJC_MSGSEND = YES;
				GCC_C_LANGUAGE_STANDARD = gnu99;
				GCC_NO_COMMON_BLOCKS = YES;
				GCC_WARN_64_TO_32_BIT_CONVERSION = YES;
				GCC_WARN_ABOUT_RETURN_TYPE = YES_ERROR;
				GCC_WARN_UNDECLARED_SELECTOR = YES;
				GCC_WARN_UNINITIALIZED_AUTOS = YES_AGGRESSIVE;
				GCC_WARN_UNUSED_FUNCTION = YES;
				GCC_WARN_UNUSED_VARIABLE = YES;
				IPHONEOS_DEPLOYMENT_TARGET = 10.3;
				MTL_ENABLE_DEBUG_INFO = NO;
				SDKROOT = iphoneos;
				SWIFT_OPTIMIZATION_LEVEL = "-Owholemodule";
				TARGETED_DEVICE_FAMILY = "1,2";
				VALIDATE_PRODUCT = YES;
			};
			name = Release;
		};
		3964BFD61EEC224900CAB0DC /* Debug */ = {
			isa = XCBuildConfiguration;
			buildSettings = {
				ASSETCATALOG_COMPILER_APPICON_NAME = AppIcon;
				INFOPLIST_FILE = "Food Tracker/Info.plist";
				LD_RUNPATH_SEARCH_PATHS = "$(inherited) @executable_path/Frameworks";
				PRODUCT_BUNDLE_IDENTIFIER = "com.noblest-creative.Food-Tracker";
				PRODUCT_NAME = "$(TARGET_NAME)";
				SWIFT_VERSION = 3.0;
			};
			name = Debug;
		};
		3964BFD71EEC224900CAB0DC /* Release */ = {
			isa = XCBuildConfiguration;
			buildSettings = {
				ASSETCATALOG_COMPILER_APPICON_NAME = AppIcon;
				INFOPLIST_FILE = "Food Tracker/Info.plist";
				LD_RUNPATH_SEARCH_PATHS = "$(inherited) @executable_path/Frameworks";
				PRODUCT_BUNDLE_IDENTIFIER = "com.noblest-creative.Food-Tracker";
				PRODUCT_NAME = "$(TARGET_NAME)";
				SWIFT_VERSION = 3.0;
			};
			name = Release;
		};
		3964BFD91EEC224900CAB0DC /* Debug */ = {
			isa = XCBuildConfiguration;
			buildSettings = {
				ALWAYS_EMBED_SWIFT_STANDARD_LIBRARIES = YES;
				BUNDLE_LOADER = "$(TEST_HOST)";
				INFOPLIST_FILE = "Food TrackerTests/Info.plist";
				LD_RUNPATH_SEARCH_PATHS = "$(inherited) @executable_path/Frameworks @loader_path/Frameworks";
				PRODUCT_BUNDLE_IDENTIFIER = "com.noblest-creative.Food-TrackerTests";
				PRODUCT_NAME = "$(TARGET_NAME)";
				SWIFT_VERSION = 3.0;
				TEST_HOST = "$(BUILT_PRODUCTS_DIR)/Food Tracker.app/Food Tracker";
			};
			name = Debug;
		};
		3964BFDA1EEC224900CAB0DC /* Release */ = {
			isa = XCBuildConfiguration;
			buildSettings = {
				ALWAYS_EMBED_SWIFT_STANDARD_LIBRARIES = YES;
				BUNDLE_LOADER = "$(TEST_HOST)";
				INFOPLIST_FILE = "Food TrackerTests/Info.plist";
				LD_RUNPATH_SEARCH_PATHS = "$(inherited) @executable_path/Frameworks @loader_path/Frameworks";
				PRODUCT_BUNDLE_IDENTIFIER = "com.noblest-creative.Food-TrackerTests";
				PRODUCT_NAME = "$(TARGET_NAME)";
				SWIFT_VERSION = 3.0;
				TEST_HOST = "$(BUILT_PRODUCTS_DIR)/Food Tracker.app/Food Tracker";
			};
			name = Release;
		};
/* End XCBuildConfiguration section */

/* Begin XCConfigurationList section */
		3964BFB31EEC224900CAB0DC /* Build configuration list for PBXProject "Food Tracker" */ = {
			isa = XCConfigurationList;
			buildConfigurations = (
				3964BFD31EEC224900CAB0DC /* Debug */,
				3964BFD41EEC224900CAB0DC /* Release */,
			);
			defaultConfigurationIsVisible = 0;
			defaultConfigurationName = Release;
		};
		3964BFD51EEC224900CAB0DC /* Build configuration list for PBXNativeTarget "Food Tracker" */ = {
			isa = XCConfigurationList;
			buildConfigurations = (
				3964BFD61EEC224900CAB0DC /* Debug */,
				3964BFD71EEC224900CAB0DC /* Release */,
			);
			defaultConfigurationIsVisible = 0;
			defaultConfigurationName = Release;
		};
		3964BFD81EEC224900CAB0DC /* Build configuration list for PBXNativeTarget "Food TrackerTests" */ = {
			isa = XCConfigurationList;
			buildConfigurations = (
				3964BFD91EEC224900CAB0DC /* Debug */,
				3964BFDA1EEC224900CAB0DC /* Release */,
			);
			defaultConfigurationIsVisible = 0;
			defaultConfigurationName = Release;
		};
/* End XCConfigurationList section */
	};
	rootObject = 3964BFB01EEC224900CAB0DC /* Project object */;
}
